{
  "name": "example",
  "version": "1.0.0",
  "lockfileVersion": 3,
  "requires": true,
  "packages": {
    "": {
      "name": "example",
      "version": "1.0.0",
      "license": "ISC",
      "dependencies": {
        "automate": "file:../packs/automate-0.0.1.tgz"
      }
    },
    "node_modules/automate": {
      "version": "0.0.1",
      "resolved": "file:../packs/automate-0.0.1.tgz",
      "integrity": "sha512-En4urEz1+fJUgDKhA5qsPtr0yyxNa9f1zcSYIUJHW+xJF0ChFGyrl86FacmrxqGFn9Ff5GxPzRhX2FE3H63tDw==",
      "license": "MIT"
    }
  }
}
